{
    "version": 3,
    "terraform_version": "0.9.11",
    "serial": 12,
    "lineage": "dfd52d69-80f7-4ae2-8582-fc47d31d514c",
    "modules": [
        {
            "path": [
                "root"
            ],
            "outputs": {},
            "resources": {},
            "depends_on": []
        },
        {
            "path": [
                "root",
                "cluster",
                "config"
            ],
            "outputs": {
                "master_config_uri": {
                    "sensitive": false,
                    "type": "string",
                    "value": "https://s3-us-west-2.amazonaws.com/coldog-k8s-cluster/default/master_config.json"
                },
                "worker_config_uri": {
                    "sensitive": false,
                    "type": "string",
                    "value": "https://s3-us-west-2.amazonaws.com/coldog-k8s-cluster/default/worker_config.json"
                }
            },
            "resources": {
                "aws_s3_bucket_object.master_config": {
                    "type": "aws_s3_bucket_object",
                    "depends_on": [
                        "data.template_file.master_config"
                    ],
                    "primary": {
                        "id": "default/master_config.json",
                        "attributes": {
                            "acl": "private",
                            "bucket": "coldog-k8s-cluster",
                            "cache_control": "",
                            "content": "{\n    \"BaseURI\": \"https://s3-us-west-2.amazonaws.com/coldog-k8s-cluster/default/\",\n\n    \"Signer\": {\n        \"CaURI\": \"secrets/ca.pem\",\n        \"KeyURI\": \"secrets/ca-key.pem\"\n    },\n\n    \"Certs\": [\n        {\"CN\": \"kubelet\", \"Org\": [\"kube-system\"], \"IPs\": [\"{{ .LocalIPv4 }}\"], \"DNS\": [\"{{ .LocalHostname }}\"]},\n        {\"CN\": \"kubeproxy\", \"Org\": [\"kube-system\"], \"IPs\": [\"127.0.0.1\"]},\n        {\"CN\": \"apiserver\", \"Org\": [\"kube-system\"], \"IPs\": [\"127.0.0.1\", \"{{ .LocalIPv4 }}\", \"{{ .APIServiceIP }}\"], \"DNS\": [\"{{ .LocalHostname }}\", \"{{ .PublicHost }}\"]},\n        {\"CN\": \"controllermanager\", \"Org\": [\"kube-system\"], \"IPs\": [\"127.0.0.1\"]},\n        {\"CN\": \"scheduler\", \"Org\": [\"kube-system\"], \"IPs\": [\"127.0.0.1\"]}\n    ],\n\n    \"Secrets\": [\n        {\"Name\": \"serviceaccount-key.pem\", \"URI\": \"secrets/serviceaccount-key.pem\"}\n    ],\n\n    \"MetadataProviders\": [\"EC2\"],\n\n    \"Config\": {\n        \"ClusterName\": \"default\",\n\n        \"APIHost\": \"127.0.0.1\",\n        \"PublicHost\": \"k8s.default.coldog.xyz\",\n\n        \"KubeletTaints\": \"--register-with-taints=node-role.kubernetes.io/master=:NoSchedule\",\n\n        \"NodeCidr\": \"10.0.0.0/16\",\n        \"PodCidr\": \"10.2.0.0/16\",\n        \"ServiceCidr\": \"10.3.0.0/24\",\n        \"DNSServiceIP\": \"10.3.0.10\",\n        \"APIServiceIP\": \"10.3.0.1\",\n\n        \"ETCDNodeURLs\": \"http://etcd0.default.coldog.xyz:2379,http://etcd1.default.coldog.xyz:2379\"\n    },\n\n    \"Manifests\": [],\n\n    \"Systemd\": [\n        {\"Name\": \"apiserver\", \"Start\": true, \"URI\": \"systemd/apiserver.service\"},\n        {\"Name\": \"scheduler\", \"Start\": true, \"URI\": \"systemd/scheduler.service\"},\n        {\"Name\": \"controllermanager\", \"Start\": true, \"URI\": \"systemd/controllermanager.service\"},\n        {\"Name\": \"healthzmaster\", \"Start\": true, \"URI\": \"systemd/healthzmaster.service\"},\n        {\"Name\": \"kubelet\", \"Start\": true, \"URI\": \"systemd/kubelet.service\"},\n        {\"Name\": \"kubeproxy\", \"Start\": true, \"URI\": \"systemd/kubeproxy.service\"},\n        {\"Name\": \"flannel\", \"Start\": true, \"URI\": \"systemd/flannel.service\"}\n    ],\n\n    \"CNIConfig\": {\n        \"Name\": \"10-flannel.conf\",\n        \"Config\": {\n            \"name\": \"podnet\",\n            \"type\": \"flannel\",\n            \"delegate\": {\n                \"isDefaultGateway\": true\n            }\n        }\n    }\n}\n",
                            "content_disposition": "",
                            "content_encoding": "",
                            "content_language": "",
                            "content_type": "binary/octet-stream",
                            "etag": "7b5347288fca22952fdbd17a35de2101",
                            "id": "default/master_config.json",
                            "key": "default/master_config.json",
                            "server_side_encryption": "",
                            "storage_class": "STANDARD",
                            "tags.%": "0",
                            "version_id": ""
                        },
                        "meta": {},
                        "tainted": false
                    },
                    "deposed": [],
                    "provider": ""
                },
                "aws_s3_bucket_object.systemd_apiserver": {
                    "type": "aws_s3_bucket_object",
                    "depends_on": [],
                    "primary": {
                        "id": "default/systemd/apiserver.service",
                        "attributes": {
                            "acl": "private",
                            "bucket": "coldog-k8s-cluster",
                            "cache_control": "",
                            "content": "[Unit]\nDescription=KubernetesApiServer\n\n[Service]\nEnvironmentFile=/etc/kubernetes/versions.env\nExecStartPre=-/usr/bin/docker stop apiserver.service\nExecStartPre=-/usr/bin/docker rm apiserver.service\nExecStart=/usr/bin/docker run --name=apiserver.service \\\n    --net=host \\\n    -v /etc/kubernetes/secrets:/etc/kubernetes/secrets \\\n    ${HYPERKUBE_IMAGE} \\\n    /hyperkube \\\n    apiserver \\\n    --v=1 \\\n    --admission-control=NamespaceLifecycle,LimitRanger,ServiceAccount,DefaultStorageClass,ResourceQuota \\\n    --advertise-address={{ .LocalIPv4 }} \\\n    --allow-privileged=true \\\n    --bind-address=0.0.0.0 \\\n    --secure-port=443 \\\n    --insecure-port=80 \\\n    --insecure-bind-address=127.0.0.1 \\\n    --service-cluster-ip-range={{ .ServiceCidr }} \\\n    --etcd-servers={{ .ETCDNodeURLs }} \\\n    --client-ca-file=/etc/kubernetes/secrets/apiserver-ca.pem \\\n    --service-account-key-file=/etc/kubernetes/secrets/serviceaccount-key.pem \\\n    --kubelet-certificate-authority=/etc/kubernetes/secrets/apiserver-ca.pem \\\n    --kubelet-client-certificate=/etc/kubernetes/secrets/apiserver.pem \\\n    --kubelet-client-key=/etc/kubernetes/secrets/apiserver-key.pem \\\n    --tls-ca-file=/etc/kubernetes/secrets/apiserver-ca.pem \\\n    --tls-cert-file=/etc/kubernetes/secrets/apiserver.pem \\\n    --tls-private-key-file=/etc/kubernetes/secrets/apiserver-key.pem\nExecStop=/usr/bin/docker stop apiserver.service\nRestart=on-failure\nRestartSec=15\nRestart=always\n\n[Install]\nWantedBy=multi-user.target\n",
                            "content_disposition": "",
                            "content_encoding": "",
                            "content_language": "",
                            "content_type": "binary/octet-stream",
                            "etag": "3fff8f5a471967ef2f1c61b28806910d",
                            "id": "default/systemd/apiserver.service",
                            "key": "default/systemd/apiserver.service",
                            "server_side_encryption": "",
                            "storage_class": "STANDARD",
                            "tags.%": "0",
                            "version_id": ""
                        },
                        "meta": {},
                        "tainted": false
                    },
                    "deposed": [],
                    "provider": ""
                },
                "aws_s3_bucket_object.systemd_controllermanager": {
                    "type": "aws_s3_bucket_object",
                    "depends_on": [],
                    "primary": {
                        "id": "default/systemd/controllermanager.service",
                        "attributes": {
                            "acl": "private",
                            "bucket": "coldog-k8s-cluster",
                            "cache_control": "",
                            "content": "[Unit]\nDescription=KubernetesControllerManager\n\n[Service]\nEnvironmentFile=/etc/kubernetes/versions.env\nExecStartPre=-/usr/bin/docker stop controllermanager.service\nExecStartPre=-/usr/bin/docker rm controllermanager.service\nExecStart=/usr/bin/docker run --name=controllermanager.service \\\n    --net=host \\\n    -v /etc/kubernetes/secrets:/etc/kubernetes/secrets \\\n    ${HYPERKUBE_IMAGE} \\\n    /hyperkube \\\n    controller-manager \\\n    --address=0.0.0.0 \\\n    --allocate-node-cidrs=true \\\n    --cluster-cidr={{ .PodCidr }} \\\n    --service-cluster-ip-range={{ .ServiceCidr }} \\\n    --service-account-private-key-file=/etc/kubernetes/secrets/serviceaccount-key.pem \\\n    --kubeconfig=/etc/kubernetes/secrets/controllermanager.kubeconfig \\\n    --cluster-name={{ .ClusterName }} \\\n    --leader-elect=true \\\n    --root-ca-file=/etc/kubernetes/secrets/controllermanager-ca.pem \\\n    --v=2\nExecStop=/usr/bin/docker stop controllermanager.service\nRestart=on-failure\nRestartSec=15\nRestart=always\n\n[Install]\nWantedBy=multi-user.target\n",
                            "content_disposition": "",
                            "content_encoding": "",
                            "content_language": "",
                            "content_type": "binary/octet-stream",
                            "etag": "8db843c136f5b1a93e8150a0d2129de1",
                            "id": "default/systemd/controllermanager.service",
                            "key": "default/systemd/controllermanager.service",
                            "server_side_encryption": "",
                            "storage_class": "STANDARD",
                            "tags.%": "0",
                            "version_id": ""
                        },
                        "meta": {},
                        "tainted": false
                    },
                    "deposed": [],
                    "provider": ""
                },
                "aws_s3_bucket_object.systemd_flannel": {
                    "type": "aws_s3_bucket_object",
                    "depends_on": [],
                    "primary": {
                        "id": "default/systemd/flannel.service",
                        "attributes": {
                            "acl": "private",
                            "bucket": "coldog-k8s-cluster",
                            "cache_control": "",
                            "content": "[Unit]\nDescription=FlannelDaemon\n\n[Service]\nExecStartPre=-/usr/bin/etcdctl \\\n    --etcd-endpoints={{ .ETCDNodeURLs }} \\\n    set /flanneld/{{ .ClusterName }}/config '{\"Network\":\"{{ .PodCidr }}\",\"Backend\":{\"Type\":\"vxlan\"}}'\nExecStart=/opt/bin/flanneld \\\n    --iface={{ .LocalIPv4 }} \\\n    --etcd-endpoints={{ .ETCDNodeURLs }} \\\n    --etcd-prefix=/flanneld/{{ .ClusterName }}\nRestart=on-failure\nRestartSec=5\nRestart=always\n\n[Install]\nWantedBy=multi-user.target\n",
                            "content_disposition": "",
                            "content_encoding": "",
                            "content_language": "",
                            "content_type": "binary/octet-stream",
                            "etag": "87c7594a5e787674e646690d68dae331",
                            "id": "default/systemd/flannel.service",
                            "key": "default/systemd/flannel.service",
                            "server_side_encryption": "",
                            "storage_class": "STANDARD",
                            "tags.%": "0",
                            "version_id": ""
                        },
                        "meta": {},
                        "tainted": false
                    },
                    "deposed": [],
                    "provider": ""
                },
                "aws_s3_bucket_object.systemd_healthzmaster": {
                    "type": "aws_s3_bucket_object",
                    "depends_on": [],
                    "primary": {
                        "id": "default/systemd/healthzmaster.service",
                        "attributes": {
                            "acl": "private",
                            "bucket": "coldog-k8s-cluster",
                            "cache_control": "",
                            "content": "[Unit]\nDescription=KubernetesHealthzMaster\n\n[Service]\nExecStartPre=-/usr/bin/docker stop healthzmaster.service\nExecStartPre=-/usr/bin/docker rm healthzmaster.service\nExecStart=/usr/bin/docker run --name=healthzmaster.service --net=host coldog/kube-master-healthz\nExecStop=/usr/bin/docker stop healthzmaster.service\nRestart=on-failure\nRestartSec=15\nRestart=always\n\n[Install]\nWantedBy=multi-user.target\n",
                            "content_disposition": "",
                            "content_encoding": "",
                            "content_language": "",
                            "content_type": "binary/octet-stream",
                            "etag": "2c0a0d323dd65385f52d752a8b878da2",
                            "id": "default/systemd/healthzmaster.service",
                            "key": "default/systemd/healthzmaster.service",
                            "server_side_encryption": "",
                            "storage_class": "STANDARD",
                            "tags.%": "0",
                            "version_id": ""
                        },
                        "meta": {},
                        "tainted": false
                    },
                    "deposed": [],
                    "provider": ""
                },
                "aws_s3_bucket_object.systemd_kubelet": {
                    "type": "aws_s3_bucket_object",
                    "depends_on": [],
                    "primary": {
                        "id": "default/systemd/kubelet.service",
                        "attributes": {
                            "acl": "private",
                            "bucket": "coldog-k8s-cluster",
                            "cache_control": "",
                            "content": "[Unit]\nDescription=KubernetesKubelet\n\n[Service]\nExecStart=/opt/bin/kubelet \\\n    --api-servers=https://{{ .APIHost }} \\\n    --cluster-domain=cluster.local \\\n    --cluster-dns={{ .DNSServiceIP }} \\\n    --allow-privileged=true \\\n    --hostname-override={{ .LocalIPv4 }} \\\n    --container-runtime=docker \\\n    --network-plugin=cni \\\n    --kubeconfig=/etc/kubernetes/secrets/kubelet.kubeconfig \\\n    --serialize-image-pulls=false \\\n    --register-node=true \\\n    --pod-manifest-path=/etc/kubernetes/manifests/ \\\n    {{ .KubeletTaints }} \\\n    --tls-cert-file=/etc/kubernetes/secrets/kubelet.pem \\\n    --tls-private-key-file=/etc/kubernetes/secrets/kubelet-key.pem\nRestart=on-failure\nRestartSec=5\nRestart=always\n\n[Install]\nWantedBy=multi-user.target\n",
                            "content_disposition": "",
                            "content_encoding": "",
                            "content_language": "",
                            "content_type": "binary/octet-stream",
                            "etag": "b60c8becf1d7c6a4519356dbd7038476",
                            "id": "default/systemd/kubelet.service",
                            "key": "default/systemd/kubelet.service",
                            "server_side_encryption": "",
                            "storage_class": "STANDARD",
                            "tags.%": "0",
                            "version_id": ""
                        },
                        "meta": {},
                        "tainted": false
                    },
                    "deposed": [],
                    "provider": ""
                },
                "aws_s3_bucket_object.systemd_kubeproxy": {
                    "type": "aws_s3_bucket_object",
                    "depends_on": [],
                    "primary": {
                        "id": "default/systemd/kubeproxy.service",
                        "attributes": {
                            "acl": "private",
                            "bucket": "coldog-k8s-cluster",
                            "cache_control": "",
                            "content": "[Unit]\nDescription=KubernetesKubeProxy\n\n[Service]\nExecStart=/opt/bin/kube-proxy \\\n    --cluster-cidr={{ .PodCidr }} \\\n    --masquerade-all=true \\\n    --hostname-override={{ .LocalIPv4 }} \\\n    --kubeconfig=/etc/kubernetes/secrets/kubeproxy.kubeconfig \\\n    --proxy-mode=iptables \\\n    --v=2\nRestart=on-failure\nRestartSec=5\nRestart=always\n\n[Install]\nWantedBy=multi-user.target\n",
                            "content_disposition": "",
                            "content_encoding": "",
                            "content_language": "",
                            "content_type": "binary/octet-stream",
                            "etag": "0fad122fd98f8c08d4564f5675ce9248",
                            "id": "default/systemd/kubeproxy.service",
                            "key": "default/systemd/kubeproxy.service",
                            "server_side_encryption": "",
                            "storage_class": "STANDARD",
                            "tags.%": "0",
                            "version_id": ""
                        },
                        "meta": {},
                        "tainted": false
                    },
                    "deposed": [],
                    "provider": ""
                },
                "aws_s3_bucket_object.systemd_scheduler": {
                    "type": "aws_s3_bucket_object",
                    "depends_on": [],
                    "primary": {
                        "id": "default/systemd/scheduler.service",
                        "attributes": {
                            "acl": "private",
                            "bucket": "coldog-k8s-cluster",
                            "cache_control": "",
                            "content": "[Unit]\nDescription=KubernetesScheduler\n\n[Service]\nEnvironmentFile=/etc/kubernetes/versions.env\nExecStartPre=-/usr/bin/docker stop scheduler.service\nExecStartPre=-/usr/bin/docker rm scheduler.service\nExecStart=/usr/bin/docker run --name=scheduler.service \\\n    --net=host \\\n    -v /etc/kubernetes/secrets:/etc/kubernetes/secrets \\\n    ${HYPERKUBE_IMAGE} \\\n    /hyperkube \\\n    scheduler \\\n    --leader-elect=true \\\n    --kubeconfig=/etc/kubernetes/secrets/scheduler.kubeconfig \\\n    --v=2\nExecStop=/usr/bin/docker stop scheduler.service\nRestart=on-failure\nRestartSec=15\nRestart=always\n\n[Install]\nWantedBy=multi-user.target\n",
                            "content_disposition": "",
                            "content_encoding": "",
                            "content_language": "",
                            "content_type": "binary/octet-stream",
                            "etag": "55c3a8903b536e318567fdb087a8a72f",
                            "id": "default/systemd/scheduler.service",
                            "key": "default/systemd/scheduler.service",
                            "server_side_encryption": "",
                            "storage_class": "STANDARD",
                            "tags.%": "0",
                            "version_id": ""
                        },
                        "meta": {},
                        "tainted": false
                    },
                    "deposed": [],
                    "provider": ""
                },
                "aws_s3_bucket_object.worker_config": {
                    "type": "aws_s3_bucket_object",
                    "depends_on": [
                        "data.template_file.worker_config"
                    ],
                    "primary": {
                        "id": "default/worker_config.json",
                        "attributes": {
                            "acl": "private",
                            "bucket": "coldog-k8s-cluster",
                            "cache_control": "",
                            "content": "{\n    \"BaseURI\": \"https://s3-us-west-2.amazonaws.com/coldog-k8s-cluster/default/\",\n\n    \"Signer\": {\n        \"CaURI\": \"secrets/ca.pem\",\n        \"KeyURI\": \"secrets/ca-key.pem\"\n    },\n\n    \"Certs\": [\n        {\"CN\": \"kubelet\", \"Org\": [\"kube-system\"], \"IPs\": [\"{{ .LocalIPv4 }}\"], \"DNS\": [\"{{ .LocalHostname }}\"]},\n        {\"CN\": \"kubeproxy\", \"Org\": [\"kube-system\"], \"IPs\": [\"127.0.0.1\"]}\n    ],\n\n    \"Secrets\": [\n        {\"Name\": \"serviceaccount-key.pem\", \"URI\": \"secrets/serviceaccount-key.pem\"}\n    ],\n\n    \"MetadataProviders\": [\"EC2\"],\n\n    \"Config\": {\n        \"ClusterName\": \"default\",\n\n        \"APIHost\": \"k8s.default.coldog.xyz\",\n        \"KubeletTaints\": \"\",\n        \"NodeCidr\": \"10.0.0.0/16\",\n        \"PodCidr\": \"10.2.0.0/16\",\n        \"ServiceCidr\": \"10.3.0.0/24\",\n        \"DNSServiceIP\": \"10.3.0.10\",\n        \"APIServiceIP\": \"10.3.0.1\",\n\n        \"ETCDNodeURLs\": \"http://etcd0.default.coldog.xyz:2379,http://etcd1.default.coldog.xyz:2379\"\n    },\n\n    \"Manifests\": [],\n\n    \"Systemd\": [\n        {\"Name\": \"kubelet\", \"Start\": true, \"URI\": \"systemd/kubelet.service\"},\n        {\"Name\": \"kubeproxy\", \"Start\": true, \"URI\": \"systemd/kubeproxy.service\"},\n        {\"Name\": \"flannel\", \"Start\": true, \"URI\": \"systemd/flannel.service\"}\n    ],\n\n    \"CNIConfig\": {\n        \"Name\": \"10-flannel.conf\",\n        \"Config\": {\n            \"name\": \"podnet\",\n            \"type\": \"flannel\",\n            \"delegate\": {\n                \"isDefaultGateway\": true\n            }\n        }\n    }\n}\n",
                            "content_disposition": "",
                            "content_encoding": "",
                            "content_language": "",
                            "content_type": "binary/octet-stream",
                            "etag": "d5d2288ab3548745fe720ac9f6d09c7a",
                            "id": "default/worker_config.json",
                            "key": "default/worker_config.json",
                            "server_side_encryption": "",
                            "storage_class": "STANDARD",
                            "tags.%": "0",
                            "version_id": ""
                        },
                        "meta": {},
                        "tainted": false
                    },
                    "deposed": [],
                    "provider": ""
                },
                "data.aws_region.current": {
                    "type": "aws_region",
                    "depends_on": [],
                    "primary": {
                        "id": "us-west-2",
                        "attributes": {
                            "current": "true",
                            "endpoint": "ec2.us-west-2.amazonaws.com",
                            "id": "us-west-2",
                            "name": "us-west-2"
                        },
                        "meta": {},
                        "tainted": false
                    },
                    "deposed": [],
                    "provider": ""
                },
                "data.template_file.master_config": {
                    "type": "template_file",
                    "depends_on": [
                        "data.aws_region.current"
                    ],
                    "primary": {
                        "id": "d016196afe9afddb3597b37edfc67d8fb06c95f69b4753f768db2fc405fa76bc",
                        "attributes": {
                            "id": "d016196afe9afddb3597b37edfc67d8fb06c95f69b4753f768db2fc405fa76bc",
                            "rendered": "{\n    \"BaseURI\": \"https://s3-us-west-2.amazonaws.com/coldog-k8s-cluster/default/\",\n\n    \"Signer\": {\n        \"CaURI\": \"secrets/ca.pem\",\n        \"KeyURI\": \"secrets/ca-key.pem\"\n    },\n\n    \"Certs\": [\n        {\"CN\": \"kubelet\", \"Org\": [\"kube-system\"], \"IPs\": [\"{{ .LocalIPv4 }}\"], \"DNS\": [\"{{ .LocalHostname }}\"]},\n        {\"CN\": \"kubeproxy\", \"Org\": [\"kube-system\"], \"IPs\": [\"127.0.0.1\"]},\n        {\"CN\": \"apiserver\", \"Org\": [\"kube-system\"], \"IPs\": [\"127.0.0.1\", \"{{ .LocalIPv4 }}\", \"{{ .APIServiceIP }}\"], \"DNS\": [\"{{ .LocalHostname }}\", \"{{ .PublicHost }}\"]},\n        {\"CN\": \"controllermanager\", \"Org\": [\"kube-system\"], \"IPs\": [\"127.0.0.1\"]},\n        {\"CN\": \"scheduler\", \"Org\": [\"kube-system\"], \"IPs\": [\"127.0.0.1\"]}\n    ],\n\n    \"Secrets\": [\n        {\"Name\": \"serviceaccount-key.pem\", \"URI\": \"secrets/serviceaccount-key.pem\"}\n    ],\n\n    \"MetadataProviders\": [\"EC2\"],\n\n    \"Config\": {\n        \"ClusterName\": \"default\",\n\n        \"APIHost\": \"127.0.0.1\",\n        \"PublicHost\": \"k8s.default.coldog.xyz\",\n\n        \"KubeletTaints\": \"--register-with-taints=node-role.kubernetes.io/master=:NoSchedule\",\n\n        \"NodeCidr\": \"10.0.0.0/16\",\n        \"PodCidr\": \"10.2.0.0/16\",\n        \"ServiceCidr\": \"10.3.0.0/24\",\n        \"DNSServiceIP\": \"10.3.0.10\",\n        \"APIServiceIP\": \"10.3.0.1\",\n\n        \"ETCDNodeURLs\": \"http://etcd0.default.coldog.xyz:2379,http://etcd1.default.coldog.xyz:2379\"\n    },\n\n    \"Manifests\": [],\n\n    \"Systemd\": [\n        {\"Name\": \"apiserver\", \"Start\": true, \"URI\": \"systemd/apiserver.service\"},\n        {\"Name\": \"scheduler\", \"Start\": true, \"URI\": \"systemd/scheduler.service\"},\n        {\"Name\": \"controllermanager\", \"Start\": true, \"URI\": \"systemd/controllermanager.service\"},\n        {\"Name\": \"healthzmaster\", \"Start\": true, \"URI\": \"systemd/healthzmaster.service\"},\n        {\"Name\": \"kubelet\", \"Start\": true, \"URI\": \"systemd/kubelet.service\"},\n        {\"Name\": \"kubeproxy\", \"Start\": true, \"URI\": \"systemd/kubeproxy.service\"},\n        {\"Name\": \"flannel\", \"Start\": true, \"URI\": \"systemd/flannel.service\"}\n    ],\n\n    \"CNIConfig\": {\n        \"Name\": \"10-flannel.conf\",\n        \"Config\": {\n            \"name\": \"podnet\",\n            \"type\": \"flannel\",\n            \"delegate\": {\n                \"isDefaultGateway\": true\n            }\n        }\n    }\n}\n",
                            "template": "{\n    \"BaseURI\": \"${base_uri}\",\n\n    \"Signer\": {\n        \"CaURI\": \"secrets/ca.pem\",\n        \"KeyURI\": \"secrets/ca-key.pem\"\n    },\n\n    \"Certs\": [\n        {\"CN\": \"kubelet\", \"Org\": [\"kube-system\"], \"IPs\": [\"{{ .LocalIPv4 }}\"], \"DNS\": [\"{{ .LocalHostname }}\"]},\n        {\"CN\": \"kubeproxy\", \"Org\": [\"kube-system\"], \"IPs\": [\"127.0.0.1\"]},\n        {\"CN\": \"apiserver\", \"Org\": [\"kube-system\"], \"IPs\": [\"127.0.0.1\", \"{{ .LocalIPv4 }}\", \"{{ .APIServiceIP }}\"], \"DNS\": [\"{{ .LocalHostname }}\", \"{{ .PublicHost }}\"]},\n        {\"CN\": \"controllermanager\", \"Org\": [\"kube-system\"], \"IPs\": [\"127.0.0.1\"]},\n        {\"CN\": \"scheduler\", \"Org\": [\"kube-system\"], \"IPs\": [\"127.0.0.1\"]}\n    ],\n\n    \"Secrets\": [\n        {\"Name\": \"serviceaccount-key.pem\", \"URI\": \"secrets/serviceaccount-key.pem\"}\n    ],\n\n    \"MetadataProviders\": [\"EC2\"],\n\n    \"Config\": {\n        \"ClusterName\": \"${cluster_name}\",\n\n        \"APIHost\": \"127.0.0.1\",\n        \"PublicHost\": \"${api_host}\",\n\n        \"KubeletTaints\": \"--register-with-taints=node-role.kubernetes.io/master=:NoSchedule\",\n\n        \"NodeCidr\": \"${node_cidr}\",\n        \"PodCidr\": \"${pod_cidr}\",\n        \"ServiceCidr\": \"${service_cidr}\",\n        \"DNSServiceIP\": \"${dns_service_ip}\",\n        \"APIServiceIP\": \"${api_service_ip}\",\n\n        \"ETCDNodeURLs\": \"${etcd_urls}\"\n    },\n\n    \"Manifests\": [],\n\n    \"Systemd\": [\n        {\"Name\": \"apiserver\", \"Start\": true, \"URI\": \"systemd/apiserver.service\"},\n        {\"Name\": \"scheduler\", \"Start\": true, \"URI\": \"systemd/scheduler.service\"},\n        {\"Name\": \"controllermanager\", \"Start\": true, \"URI\": \"systemd/controllermanager.service\"},\n        {\"Name\": \"healthzmaster\", \"Start\": true, \"URI\": \"systemd/healthzmaster.service\"},\n        {\"Name\": \"kubelet\", \"Start\": true, \"URI\": \"systemd/kubelet.service\"},\n        {\"Name\": \"kubeproxy\", \"Start\": true, \"URI\": \"systemd/kubeproxy.service\"},\n        {\"Name\": \"flannel\", \"Start\": true, \"URI\": \"systemd/flannel.service\"}\n    ],\n\n    \"CNIConfig\": {\n        \"Name\": \"10-flannel.conf\",\n        \"Config\": {\n            \"name\": \"podnet\",\n            \"type\": \"flannel\",\n            \"delegate\": {\n                \"isDefaultGateway\": true\n            }\n        }\n    }\n}\n",
                            "vars.%": "10",
                            "vars.api_host": "k8s.default.coldog.xyz",
                            "vars.api_service_ip": "10.3.0.1",
                            "vars.asset_bucket": "coldog-k8s-cluster",
                            "vars.base_uri": "https://s3-us-west-2.amazonaws.com/coldog-k8s-cluster/default/",
                            "vars.cluster_name": "default",
                            "vars.dns_service_ip": "10.3.0.10",
                            "vars.etcd_urls": "http://etcd0.default.coldog.xyz:2379,http://etcd1.default.coldog.xyz:2379",
                            "vars.node_cidr": "10.0.0.0/16",
                            "vars.pod_cidr": "10.2.0.0/16",
                            "vars.service_cidr": "10.3.0.0/24"
                        },
                        "meta": {},
                        "tainted": false
                    },
                    "deposed": [],
                    "provider": ""
                },
                "data.template_file.worker_config": {
                    "type": "template_file",
                    "depends_on": [
                        "data.aws_region.current"
                    ],
                    "primary": {
                        "id": "0cd619212c9454e18343c10e87bd13daf204709d86e42ad4d8ab2c134595c3fc",
                        "attributes": {
                            "id": "0cd619212c9454e18343c10e87bd13daf204709d86e42ad4d8ab2c134595c3fc",
                            "rendered": "{\n    \"BaseURI\": \"https://s3-us-west-2.amazonaws.com/coldog-k8s-cluster/default/\",\n\n    \"Signer\": {\n        \"CaURI\": \"secrets/ca.pem\",\n        \"KeyURI\": \"secrets/ca-key.pem\"\n    },\n\n    \"Certs\": [\n        {\"CN\": \"kubelet\", \"Org\": [\"kube-system\"], \"IPs\": [\"{{ .LocalIPv4 }}\"], \"DNS\": [\"{{ .LocalHostname }}\"]},\n        {\"CN\": \"kubeproxy\", \"Org\": [\"kube-system\"], \"IPs\": [\"127.0.0.1\"]}\n    ],\n\n    \"Secrets\": [\n        {\"Name\": \"serviceaccount-key.pem\", \"URI\": \"secrets/serviceaccount-key.pem\"}\n    ],\n\n    \"MetadataProviders\": [\"EC2\"],\n\n    \"Config\": {\n        \"ClusterName\": \"default\",\n\n        \"APIHost\": \"k8s.default.coldog.xyz\",\n        \"KubeletTaints\": \"\",\n        \"NodeCidr\": \"10.0.0.0/16\",\n        \"PodCidr\": \"10.2.0.0/16\",\n        \"ServiceCidr\": \"10.3.0.0/24\",\n        \"DNSServiceIP\": \"10.3.0.10\",\n        \"APIServiceIP\": \"10.3.0.1\",\n\n        \"ETCDNodeURLs\": \"http://etcd0.default.coldog.xyz:2379,http://etcd1.default.coldog.xyz:2379\"\n    },\n\n    \"Manifests\": [],\n\n    \"Systemd\": [\n        {\"Name\": \"kubelet\", \"Start\": true, \"URI\": \"systemd/kubelet.service\"},\n        {\"Name\": \"kubeproxy\", \"Start\": true, \"URI\": \"systemd/kubeproxy.service\"},\n        {\"Name\": \"flannel\", \"Start\": true, \"URI\": \"systemd/flannel.service\"}\n    ],\n\n    \"CNIConfig\": {\n        \"Name\": \"10-flannel.conf\",\n        \"Config\": {\n            \"name\": \"podnet\",\n            \"type\": \"flannel\",\n            \"delegate\": {\n                \"isDefaultGateway\": true\n            }\n        }\n    }\n}\n",
                            "template": "{\n    \"BaseURI\": \"${base_uri}\",\n\n    \"Signer\": {\n        \"CaURI\": \"secrets/ca.pem\",\n        \"KeyURI\": \"secrets/ca-key.pem\"\n    },\n\n    \"Certs\": [\n        {\"CN\": \"kubelet\", \"Org\": [\"kube-system\"], \"IPs\": [\"{{ .LocalIPv4 }}\"], \"DNS\": [\"{{ .LocalHostname }}\"]},\n        {\"CN\": \"kubeproxy\", \"Org\": [\"kube-system\"], \"IPs\": [\"127.0.0.1\"]}\n    ],\n\n    \"Secrets\": [\n        {\"Name\": \"serviceaccount-key.pem\", \"URI\": \"secrets/serviceaccount-key.pem\"}\n    ],\n\n    \"MetadataProviders\": [\"EC2\"],\n\n    \"Config\": {\n        \"ClusterName\": \"${cluster_name}\",\n\n        \"APIHost\": \"${api_host}\",\n        \"KubeletTaints\": \"\",\n        \"NodeCidr\": \"${node_cidr}\",\n        \"PodCidr\": \"${pod_cidr}\",\n        \"ServiceCidr\": \"${service_cidr}\",\n        \"DNSServiceIP\": \"${dns_service_ip}\",\n        \"APIServiceIP\": \"${api_service_ip}\",\n\n        \"ETCDNodeURLs\": \"${etcd_urls}\"\n    },\n\n    \"Manifests\": [],\n\n    \"Systemd\": [\n        {\"Name\": \"kubelet\", \"Start\": true, \"URI\": \"systemd/kubelet.service\"},\n        {\"Name\": \"kubeproxy\", \"Start\": true, \"URI\": \"systemd/kubeproxy.service\"},\n        {\"Name\": \"flannel\", \"Start\": true, \"URI\": \"systemd/flannel.service\"}\n    ],\n\n    \"CNIConfig\": {\n        \"Name\": \"10-flannel.conf\",\n        \"Config\": {\n            \"name\": \"podnet\",\n            \"type\": \"flannel\",\n            \"delegate\": {\n                \"isDefaultGateway\": true\n            }\n        }\n    }\n}\n",
                            "vars.%": "10",
                            "vars.api_host": "k8s.default.coldog.xyz",
                            "vars.api_service_ip": "10.3.0.1",
                            "vars.asset_bucket": "coldog-k8s-cluster",
                            "vars.base_uri": "https://s3-us-west-2.amazonaws.com/coldog-k8s-cluster/default/",
                            "vars.cluster_name": "default",
                            "vars.dns_service_ip": "10.3.0.10",
                            "vars.etcd_urls": "http://etcd0.default.coldog.xyz:2379,http://etcd1.default.coldog.xyz:2379",
                            "vars.node_cidr": "10.0.0.0/16",
                            "vars.pod_cidr": "10.2.0.0/16",
                            "vars.service_cidr": "10.3.0.0/24"
                        },
                        "meta": {},
                        "tainted": false
                    },
                    "deposed": [],
                    "provider": ""
                }
            },
            "depends_on": []
        },
        {
            "path": [
                "root",
                "cluster",
                "etcd"
            ],
            "outputs": {
                "etcd_urls": {
                    "sensitive": false,
                    "type": "list",
                    "value": [
                        "http://etcd0.default.coldog.xyz:2379",
                        "http://etcd1.default.coldog.xyz:2379"
                    ]
                }
            },
            "resources": {
                "aws_iam_instance_profile.etcd_profile": {
                    "type": "aws_iam_instance_profile",
                    "depends_on": [
                        "aws_iam_role.etcd_role"
                    ],
                    "primary": {
                        "id": "default_etcd_profile",
                        "attributes": {
                            "arn": "arn:aws:iam::414904551680:instance-profile/default_etcd_profile",
                            "id": "default_etcd_profile",
                            "name": "default_etcd_profile",
                            "path": "/",
                            "role": "default_etcd_role",
                            "roles.#": "0",
                            "unique_id": "AIPAIQC4UYC2XRYVBB3HC"
                        },
                        "meta": {},
                        "tainted": false
                    },
                    "deposed": [],
                    "provider": ""
                },
                "aws_iam_role.etcd_role": {
                    "type": "aws_iam_role",
                    "depends_on": [],
                    "primary": {
                        "id": "default_etcd_role",
                        "attributes": {
                            "arn": "arn:aws:iam::414904551680:role/default_etcd_role",
                            "assume_role_policy": "{\"Version\":\"2012-10-17\",\"Statement\":[{\"Sid\":\"\",\"Effect\":\"Allow\",\"Principal\":{\"Service\":\"ec2.amazonaws.com\"},\"Action\":\"sts:AssumeRole\"}]}",
                            "create_date": "2017-07-30T03:07:18Z",
                            "id": "default_etcd_role",
                            "name": "default_etcd_role",
                            "path": "/",
                            "unique_id": "AROAJQMGAOTD7FJM4MATS"
                        },
                        "meta": {},
                        "tainted": false
                    },
                    "deposed": [],
                    "provider": ""
                },
                "aws_iam_role_policy.etcd_policy": {
                    "type": "aws_iam_role_policy",
                    "depends_on": [
                        "aws_iam_role.etcd_role"
                    ],
                    "primary": {
                        "id": "default_etcd_role:default_etcd_policy",
                        "attributes": {
                            "id": "default_etcd_role:default_etcd_policy",
                            "name": "default_etcd_policy",
                            "policy": "{\n  \"Version\": \"2012-10-17\",\n  \"Statement\": [\n    {\n      \"Action\" : [\n        \"s3:GetObject\"\n      ],\n      \"Resource\": \"arn:aws:s3:::*\",\n      \"Effect\": \"Allow\"\n    },\n    {\n      \"Effect\": \"Allow\",\n      \"Action\": [\n        \"logs:CreateLogStream\",\n        \"logs:PutLogEvents\",\n        \"logs:DescribeLogStreams\"\n      ],\n      \"Resource\": [\n        \"arn:aws:logs:*:*:log-group:*\",\n        \"arn:aws:logs:*:*:log-group:*:log-stream:*\"\n      ]\n    }\n  ]\n}\n",
                            "role": "default_etcd_role"
                        },
                        "meta": {},
                        "tainted": false
                    },
                    "deposed": [],
                    "provider": ""
                },
                "aws_instance.etcd_node.0": {
                    "type": "aws_instance",
                    "depends_on": [
                        "aws_iam_instance_profile.etcd_profile",
                        "data.aws_ami.coreos_ami",
                        "data.ignition_config.etcd.*"
                    ],
                    "primary": {
                        "id": "i-0a0198bd9da6bd80f",
                        "attributes": {
                            "ami": "ami-19c0de60",
                            "associate_public_ip_address": "true",
                            "availability_zone": "us-west-2a",
                            "disable_api_termination": "false",
                            "ebs_block_device.#": "0",
                            "ebs_optimized": "false",
                            "ephemeral_block_device.#": "0",
                            "iam_instance_profile": "default_etcd_profile",
                            "id": "i-0a0198bd9da6bd80f",
                            "instance_state": "running",
                            "instance_type": "t2.small",
                            "ipv6_addresses.#": "0",
                            "key_name": "default_key",
                            "monitoring": "false",
                            "network_interface.#": "0",
                            "network_interface_id": "eni-aa41be94",
                            "primary_network_interface_id": "eni-aa41be94",
                            "private_dns": "ip-10-0-0-39.us-west-2.compute.internal",
                            "private_ip": "10.0.0.39",
                            "public_dns": "ec2-35-162-189-244.us-west-2.compute.amazonaws.com",
                            "public_ip": "35.162.189.244",
                            "root_block_device.#": "1",
                            "root_block_device.0.delete_on_termination": "true",
                            "root_block_device.0.iops": "0",
                            "root_block_device.0.volume_size": "8",
                            "root_block_device.0.volume_type": "standard",
                            "security_groups.#": "0",
                            "source_dest_check": "true",
                            "subnet_id": "subnet-1bb6bb52",
                            "tags.%": "1",
                            "tags.Name": "default_etcd0",
                            "tenancy": "default",
                            "user_data": "b8c0b2c00183044068224e1e596255e31adc8b03",
                            "volume_tags.%": "0",
                            "vpc_security_group_ids.#": "2",
                            "vpc_security_group_ids.3004837593": "sg-2430ba5e",
                            "vpc_security_group_ids.442966478": "sg-b13fb5cb"
                        },
                        "meta": {
                            "e2bfb730-ecaa-11e6-8f88-34363bc7c4c0": {
                                "create": 600000000000,
                                "delete": 600000000000,
                                "update": 600000000000
                            },
                            "schema_version": "1"
                        },
                        "tainted": false
                    },
                    "deposed": [],
                    "provider": ""
                },
                "aws_instance.etcd_node.1": {
                    "type": "aws_instance",
                    "depends_on": [
                        "aws_iam_instance_profile.etcd_profile",
                        "data.aws_ami.coreos_ami",
                        "data.ignition_config.etcd.*"
                    ],
                    "primary": {
                        "id": "i-0313dcfe1b4783607",
                        "attributes": {
                            "ami": "ami-19c0de60",
                            "associate_public_ip_address": "true",
                            "availability_zone": "us-west-2c",
                            "disable_api_termination": "false",
                            "ebs_block_device.#": "0",
                            "ebs_optimized": "false",
                            "ephemeral_block_device.#": "0",
                            "iam_instance_profile": "default_etcd_profile",
                            "id": "i-0313dcfe1b4783607",
                            "instance_state": "running",
                            "instance_type": "t2.small",
                            "ipv6_addresses.#": "0",
                            "key_name": "default_key",
                            "monitoring": "false",
                            "network_interface.#": "0",
                            "network_interface_id": "eni-d1a4c1d1",
                            "primary_network_interface_id": "eni-d1a4c1d1",
                            "private_dns": "ip-10-0-38-125.us-west-2.compute.internal",
                            "private_ip": "10.0.38.125",
                            "public_dns": "ec2-34-213-109-42.us-west-2.compute.amazonaws.com",
                            "public_ip": "34.213.109.42",
                            "root_block_device.#": "1",
                            "root_block_device.0.delete_on_termination": "true",
                            "root_block_device.0.iops": "0",
                            "root_block_device.0.volume_size": "8",
                            "root_block_device.0.volume_type": "standard",
                            "security_groups.#": "0",
                            "source_dest_check": "true",
                            "subnet_id": "subnet-1a8f0c41",
                            "tags.%": "1",
                            "tags.Name": "default_etcd1",
                            "tenancy": "default",
                            "user_data": "5567b05347050c0d57902547f12683eda47be037",
                            "volume_tags.%": "0",
                            "vpc_security_group_ids.#": "2",
                            "vpc_security_group_ids.3004837593": "sg-2430ba5e",
                            "vpc_security_group_ids.442966478": "sg-b13fb5cb"
                        },
                        "meta": {
                            "e2bfb730-ecaa-11e6-8f88-34363bc7c4c0": {
                                "create": 600000000000,
                                "delete": 600000000000,
                                "update": 600000000000
                            },
                            "schema_version": "1"
                        },
                        "tainted": false
                    },
                    "deposed": [],
                    "provider": ""
                },
                "aws_route53_record.etc_a_nodes.0": {
                    "type": "aws_route53_record",
                    "depends_on": [
                        "aws_instance.etcd_node.*",
                        "data.aws_route53_zone.main"
                    ],
                    "primary": {
                        "id": "Z3FHNMGH8LFH0Q_etcd0.default_A",
                        "attributes": {
                            "fqdn": "etcd0.default.coldog.xyz",
                            "health_check_id": "",
                            "id": "Z3FHNMGH8LFH0Q_etcd0.default_A",
                            "name": "etcd0.default",
                            "records.#": "1",
                            "records.3591452984": "10.0.0.39",
                            "set_identifier": "",
                            "ttl": "60",
                            "type": "A",
                            "zone_id": "Z3FHNMGH8LFH0Q"
                        },
                        "meta": {
                            "schema_version": "2"
                        },
                        "tainted": false
                    },
                    "deposed": [],
                    "provider": ""
                },
                "aws_route53_record.etc_a_nodes.1": {
                    "type": "aws_route53_record",
                    "depends_on": [
                        "aws_instance.etcd_node.*",
                        "data.aws_route53_zone.main"
                    ],
                    "primary": {
                        "id": "Z3FHNMGH8LFH0Q_etcd1.default_A",
                        "attributes": {
                            "fqdn": "etcd1.default.coldog.xyz",
                            "health_check_id": "",
                            "id": "Z3FHNMGH8LFH0Q_etcd1.default_A",
                            "name": "etcd1.default",
                            "records.#": "1",
                            "records.2010426937": "10.0.38.125",
                            "set_identifier": "",
                            "ttl": "60",
                            "type": "A",
                            "zone_id": "Z3FHNMGH8LFH0Q"
                        },
                        "meta": {
                            "schema_version": "2"
                        },
                        "tainted": false
                    },
                    "deposed": [],
                    "provider": ""
                },
                "aws_route53_record.etcd_srv_client": {
                    "type": "aws_route53_record",
                    "depends_on": [
                        "aws_route53_record.etc_a_nodes.*",
                        "data.aws_route53_zone.main"
                    ],
                    "primary": {
                        "id": "Z3FHNMGH8LFH0Q__etcd-client._tcp_SRV",
                        "attributes": {
                            "fqdn": "_etcd-client._tcp.coldog.xyz",
                            "health_check_id": "",
                            "id": "Z3FHNMGH8LFH0Q__etcd-client._tcp_SRV",
                            "name": "_etcd-client._tcp",
                            "records.#": "2",
                            "records.1925852562": "0 0 2379 etcd1.default.coldog.xyz",
                            "records.397219540": "0 0 2379 etcd0.default.coldog.xyz",
                            "set_identifier": "",
                            "ttl": "60",
                            "type": "SRV",
                            "zone_id": "Z3FHNMGH8LFH0Q"
                        },
                        "meta": {
                            "schema_version": "2"
                        },
                        "tainted": false
                    },
                    "deposed": [],
                    "provider": ""
                },
                "aws_route53_record.etcd_srv_discover": {
                    "type": "aws_route53_record",
                    "depends_on": [
                        "aws_route53_record.etc_a_nodes.*",
                        "data.aws_route53_zone.main"
                    ],
                    "primary": {
                        "id": "Z3FHNMGH8LFH0Q__etcd-server._tcp_SRV",
                        "attributes": {
                            "fqdn": "_etcd-server._tcp.coldog.xyz",
                            "health_check_id": "",
                            "id": "Z3FHNMGH8LFH0Q__etcd-server._tcp_SRV",
                            "name": "_etcd-server._tcp",
                            "records.#": "2",
                            "records.3050180083": "0 0 2380 etcd0.default.coldog.xyz",
                            "records.3500750517": "0 0 2380 etcd1.default.coldog.xyz",
                            "set_identifier": "",
                            "ttl": "300",
                            "type": "SRV",
                            "zone_id": "Z3FHNMGH8LFH0Q"
                        },
                        "meta": {
                            "schema_version": "2"
                        },
                        "tainted": false
                    },
                    "deposed": [],
                    "provider": ""
                },
                "data.aws_ami.coreos_ami": {
                    "type": "aws_ami",
                    "depends_on": [],
                    "primary": {
                        "id": "ami-19c0de60",
                        "attributes": {
                            "architecture": "x86_64",
                            "block_device_mappings.#": "2",
                            "block_device_mappings.3607311014.device_name": "/dev/xvda",
                            "block_device_mappings.3607311014.ebs.%": "6",
                            "block_device_mappings.3607311014.ebs.delete_on_termination": "true",
                            "block_device_mappings.3607311014.ebs.encrypted": "false",
                            "block_device_mappings.3607311014.ebs.iops": "0",
                            "block_device_mappings.3607311014.ebs.snapshot_id": "snap-0a99e44c4815156b2",
                            "block_device_mappings.3607311014.ebs.volume_size": "8",
                            "block_device_mappings.3607311014.ebs.volume_type": "standard",
                            "block_device_mappings.3607311014.no_device": "",
                            "block_device_mappings.3607311014.virtual_name": "",
                            "block_device_mappings.3754555969.device_name": "/dev/xvdb",
                            "block_device_mappings.3754555969.ebs.%": "0",
                            "block_device_mappings.3754555969.no_device": "",
                            "block_device_mappings.3754555969.virtual_name": "ephemeral0",
                            "creation_date": "2017-07-19T00:29:22.000Z",
                            "description": "CoreOS Container Linux stable 1409.7.0 (HVM)",
                            "filter.#": "4",
                            "filter.3301329474.name": "owner-id",
                            "filter.3301329474.values.#": "1",
                            "filter.3301329474.values.0": "595879546273",
                            "filter.3386043752.name": "architecture",
                            "filter.3386043752.values.#": "1",
                            "filter.3386043752.values.0": "x86_64",
                            "filter.3643254111.name": "name",
                            "filter.3643254111.values.#": "1",
                            "filter.3643254111.values.0": "CoreOS-stable-*",
                            "filter.490168357.name": "virtualization-type",
                            "filter.490168357.values.#": "1",
                            "filter.490168357.values.0": "hvm",
                            "hypervisor": "xen",
                            "id": "ami-19c0de60",
                            "image_id": "ami-19c0de60",
                            "image_location": "595879546273/CoreOS-stable-1409.7.0-hvm",
                            "image_type": "machine",
                            "most_recent": "true",
                            "name": "CoreOS-stable-1409.7.0-hvm",
                            "owner_id": "595879546273",
                            "product_codes.#": "0",
                            "public": "true",
                            "root_device_name": "/dev/xvda",
                            "root_device_type": "ebs",
                            "sriov_net_support": "simple",
                            "state": "available",
                            "state_reason.%": "2",
                            "state_reason.code": "UNSET",
                            "state_reason.message": "UNSET",
                            "tags.#": "0",
                            "virtualization_type": "hvm"
                        },
                        "meta": {},
                        "tainted": false
                    },
                    "deposed": [],
                    "provider": ""
                },
                "data.aws_route53_zone.main": {
                    "type": "aws_route53_zone",
                    "depends_on": [],
                    "primary": {
                        "id": "Z3FHNMGH8LFH0Q",
                        "attributes": {
                            "caller_reference": "RISWorkflow-RD:ec25ea8b-1a64-4a58-b012-2478c82805ba",
                            "comment": "HostedZone created by Route53 Registrar",
                            "id": "Z3FHNMGH8LFH0Q",
                            "name": "coldog.xyz.",
                            "private_zone": "false",
                            "resource_record_set_count": "3",
                            "zone_id": "Z3FHNMGH8LFH0Q"
                        },
                        "meta": {},
                        "tainted": false
                    },
                    "deposed": [],
                    "provider": ""
                },
                "data.ignition_config.etcd.0": {
                    "type": "ignition_config",
                    "depends_on": [
                        "data.ignition_file.node_hostname.*",
                        "data.ignition_systemd_unit.etcd3.*",
                        "data.ignition_systemd_unit.locksmithd"
                    ],
                    "primary": {
                        "id": "dae86357c1c7a9b7cd051f5169ecf6da5e510e09f10436166f70674c8a1a740b",
                        "attributes": {
                            "files.#": "1",
                            "files.0": "c05142b7b8c617c3276394b98e33ecb76740fcdda3df13525b87e5240451a797",
                            "id": "dae86357c1c7a9b7cd051f5169ecf6da5e510e09f10436166f70674c8a1a740b",
                            "rendered": "{\n    \"ignition\": {\n      \"version\": \"2.0.0\",\n      \"config\": {}\n    },\n    \"storage\": {\n      \"files\": [\n        {\n          \"filesystem\": \"root\",\n          \"path\": \"/etc/hostname\",\n          \"contents\": {\n            \"source\": \"data:text/plain;charset=utf-8;base64,ZXRjZDAuZGVmYXVsdC5jb2xkb2cueHl6\",\n            \"verification\": {}\n          },\n          \"mode\": 420,\n          \"user\": {},\n          \"group\": {}\n        }\n      ]\n    },\n    \"systemd\": {\n      \"units\": [\n        {\n          \"name\": \"locksmithd.service\",\n          \"enable\": true,\n          \"dropins\": [\n            {\n              \"name\": \"40-etcd-lock.conf\",\n              \"contents\": \"[Service]\\nEnvironment=REBOOT_STRATEGY=etcd-lock\\n\"\n            }\n          ]\n        },\n        {\n          \"name\": \"etcd-member.service\",\n          \"enable\": true,\n          \"dropins\": [\n            {\n              \"name\": \"40-etcd-cluster.conf\",\n              \"contents\": \"[Service]\\nEnvironment=\\\"ETCD_IMAGE=quay.io/coreos/etcd:latest\\\"\\nExecStart=\\nExecStart=/usr/lib/coreos/etcd-wrapper \\\\\\n  --name=etcd \\\\\\n  --discovery-srv=coldog.xyz \\\\\\n  --advertise-client-urls=http://etcd0.default.coldog.xyz:2379 \\\\\\n  --initial-advertise-peer-urls=http://etcd0.default.coldog.xyz:2380 \\\\\\n  --listen-client-urls=http://0.0.0.0:2379 \\\\\\n  --listen-peer-urls=http://0.0.0.0:2380\\n\"\n            }\n          ]\n        }\n      ]\n    },\n    \"networkd\": {},\n    \"passwd\": {}\n  }",
                            "systemd.#": "2",
                            "systemd.0": "297994451bbc66a0b227eea50017c4d05fde37b99130d1efc2f6b14b3bd2a283",
                            "systemd.1": "30444da50b79c7875e26549968dfcaad924949a10ea7e5a23d3b3fb1e8518a88"
                        },
                        "meta": {},
                        "tainted": false
                    },
                    "deposed": [],
                    "provider": ""
                },
                "data.ignition_config.etcd.1": {
                    "type": "ignition_config",
                    "depends_on": [
                        "data.ignition_file.node_hostname.*",
                        "data.ignition_systemd_unit.etcd3.*",
                        "data.ignition_systemd_unit.locksmithd"
                    ],
                    "primary": {
                        "id": "52fa24fffe1abf935edede8e1b547a69f8de504e3b9d4cefc03637783f629dea",
                        "attributes": {
                            "files.#": "1",
                            "files.0": "b9c6524a50ee2ae1e93684041c577520bfa35cacfc414e0a5289c3640311f620",
                            "id": "52fa24fffe1abf935edede8e1b547a69f8de504e3b9d4cefc03637783f629dea",
                            "rendered": "{\n    \"ignition\": {\n      \"version\": \"2.0.0\",\n      \"config\": {}\n    },\n    \"storage\": {\n      \"files\": [\n        {\n          \"filesystem\": \"root\",\n          \"path\": \"/etc/hostname\",\n          \"contents\": {\n            \"source\": \"data:text/plain;charset=utf-8;base64,ZXRjZDEuZGVmYXVsdC5jb2xkb2cueHl6\",\n            \"verification\": {}\n          },\n          \"mode\": 420,\n          \"user\": {},\n          \"group\": {}\n        }\n      ]\n    },\n    \"systemd\": {\n      \"units\": [\n        {\n          \"name\": \"locksmithd.service\",\n          \"enable\": true,\n          \"dropins\": [\n            {\n              \"name\": \"40-etcd-lock.conf\",\n              \"contents\": \"[Service]\\nEnvironment=REBOOT_STRATEGY=etcd-lock\\n\"\n            }\n          ]\n        },\n        {\n          \"name\": \"etcd-member.service\",\n          \"enable\": true,\n          \"dropins\": [\n            {\n              \"name\": \"40-etcd-cluster.conf\",\n              \"contents\": \"[Service]\\nEnvironment=\\\"ETCD_IMAGE=quay.io/coreos/etcd:latest\\\"\\nExecStart=\\nExecStart=/usr/lib/coreos/etcd-wrapper \\\\\\n  --name=etcd \\\\\\n  --discovery-srv=coldog.xyz \\\\\\n  --advertise-client-urls=http://etcd1.default.coldog.xyz:2379 \\\\\\n  --initial-advertise-peer-urls=http://etcd1.default.coldog.xyz:2380 \\\\\\n  --listen-client-urls=http://0.0.0.0:2379 \\\\\\n  --listen-peer-urls=http://0.0.0.0:2380\\n\"\n            }\n          ]\n        }\n      ]\n    },\n    \"networkd\": {},\n    \"passwd\": {}\n  }",
                            "systemd.#": "2",
                            "systemd.0": "297994451bbc66a0b227eea50017c4d05fde37b99130d1efc2f6b14b3bd2a283",
                            "systemd.1": "854e6242e8d84b1e14b137f7989b347d34e22f516d8727a5a90eee0090e5a8fc"
                        },
                        "meta": {},
                        "tainted": false
                    },
                    "deposed": [],
                    "provider": ""
                },
                "data.ignition_file.node_hostname.0": {
                    "type": "ignition_file",
                    "depends_on": [],
                    "primary": {
                        "id": "c05142b7b8c617c3276394b98e33ecb76740fcdda3df13525b87e5240451a797",
                        "attributes": {
                            "content.#": "1",
                            "content.0.content": "etcd0.default.coldog.xyz",
                            "content.0.mime": "text/plain",
                            "filesystem": "root",
                            "id": "c05142b7b8c617c3276394b98e33ecb76740fcdda3df13525b87e5240451a797",
                            "mode": "420",
                            "path": "/etc/hostname"
                        },
                        "meta": {},
                        "tainted": false
                    },
                    "deposed": [],
                    "provider": ""
                },
                "data.ignition_file.node_hostname.1": {
                    "type": "ignition_file",
                    "depends_on": [],
                    "primary": {
                        "id": "b9c6524a50ee2ae1e93684041c577520bfa35cacfc414e0a5289c3640311f620",
                        "attributes": {
                            "content.#": "1",
                            "content.0.content": "etcd1.default.coldog.xyz",
                            "content.0.mime": "text/plain",
                            "filesystem": "root",
                            "id": "b9c6524a50ee2ae1e93684041c577520bfa35cacfc414e0a5289c3640311f620",
                            "mode": "420",
                            "path": "/etc/hostname"
                        },
                        "meta": {},
                        "tainted": false
                    },
                    "deposed": [],
                    "provider": ""
                },
                "data.ignition_systemd_unit.etcd3.0": {
                    "type": "ignition_systemd_unit",
                    "depends_on": [],
                    "primary": {
                        "id": "30444da50b79c7875e26549968dfcaad924949a10ea7e5a23d3b3fb1e8518a88",
                        "attributes": {
                            "dropin.#": "1",
                            "dropin.0.content": "[Service]\nEnvironment=\"ETCD_IMAGE=quay.io/coreos/etcd:latest\"\nExecStart=\nExecStart=/usr/lib/coreos/etcd-wrapper \\\n  --name=etcd \\\n  --discovery-srv=coldog.xyz \\\n  --advertise-client-urls=http://etcd0.default.coldog.xyz:2379 \\\n  --initial-advertise-peer-urls=http://etcd0.default.coldog.xyz:2380 \\\n  --listen-client-urls=http://0.0.0.0:2379 \\\n  --listen-peer-urls=http://0.0.0.0:2380\n",
                            "dropin.0.name": "40-etcd-cluster.conf",
                            "enable": "true",
                            "id": "30444da50b79c7875e26549968dfcaad924949a10ea7e5a23d3b3fb1e8518a88",
                            "name": "etcd-member.service"
                        },
                        "meta": {},
                        "tainted": false
                    },
                    "deposed": [],
                    "provider": ""
                },
                "data.ignition_systemd_unit.etcd3.1": {
                    "type": "ignition_systemd_unit",
                    "depends_on": [],
                    "primary": {
                        "id": "854e6242e8d84b1e14b137f7989b347d34e22f516d8727a5a90eee0090e5a8fc",
                        "attributes": {
                            "dropin.#": "1",
                            "dropin.0.content": "[Service]\nEnvironment=\"ETCD_IMAGE=quay.io/coreos/etcd:latest\"\nExecStart=\nExecStart=/usr/lib/coreos/etcd-wrapper \\\n  --name=etcd \\\n  --discovery-srv=coldog.xyz \\\n  --advertise-client-urls=http://etcd1.default.coldog.xyz:2379 \\\n  --initial-advertise-peer-urls=http://etcd1.default.coldog.xyz:2380 \\\n  --listen-client-urls=http://0.0.0.0:2379 \\\n  --listen-peer-urls=http://0.0.0.0:2380\n",
                            "dropin.0.name": "40-etcd-cluster.conf",
                            "enable": "true",
                            "id": "854e6242e8d84b1e14b137f7989b347d34e22f516d8727a5a90eee0090e5a8fc",
                            "name": "etcd-member.service"
                        },
                        "meta": {},
                        "tainted": false
                    },
                    "deposed": [],
                    "provider": ""
                },
                "data.ignition_systemd_unit.locksmithd": {
                    "type": "ignition_systemd_unit",
                    "depends_on": [],
                    "primary": {
                        "id": "297994451bbc66a0b227eea50017c4d05fde37b99130d1efc2f6b14b3bd2a283",
                        "attributes": {
                            "dropin.#": "1",
                            "dropin.0.content": "[Service]\nEnvironment=REBOOT_STRATEGY=etcd-lock\n",
                            "dropin.0.name": "40-etcd-lock.conf",
                            "enable": "true",
                            "id": "297994451bbc66a0b227eea50017c4d05fde37b99130d1efc2f6b14b3bd2a283",
                            "name": "locksmithd.service"
                        },
                        "meta": {},
                        "tainted": false
                    },
                    "deposed": [],
                    "provider": ""
                }
            },
            "depends_on": []
        },
        {
            "path": [
                "root",
                "cluster",
                "master"
            ],
            "outputs": {},
            "resources": {
                "aws_autoscaling_group.master": {
                    "type": "aws_autoscaling_group",
                    "depends_on": [
                        "aws_elb.master_api",
                        "aws_launch_configuration.master"
                    ],
                    "primary": {
                        "id": "default_master_asg",
                        "attributes": {
                            "arn": "arn:aws:autoscaling:us-west-2:414904551680:autoScalingGroup:de9017b1-a634-4e20-89ab-b8cd23f63052:autoScalingGroupName/default_master_asg",
                            "availability_zones.#": "3",
                            "availability_zones.2050015877": "us-west-2c",
                            "availability_zones.221770259": "us-west-2b",
                            "availability_zones.2487133097": "us-west-2a",
                            "default_cooldown": "300",
                            "desired_capacity": "1",
                            "force_delete": "true",
                            "health_check_grace_period": "300",
                            "health_check_type": "ELB",
                            "id": "default_master_asg",
                            "launch_configuration": "default_master_lc.fee3d1aa-aeee-0f2f-8e23-a0a6c4a64501",
                            "load_balancers.#": "1",
                            "load_balancers.685316046": "default-api-public",
                            "max_size": "1",
                            "metrics_granularity": "1Minute",
                            "min_size": "0",
                            "name": "default_master_asg",
                            "placement_group": "",
                            "protect_from_scale_in": "false",
                            "suspended_processes.#": "0",
                            "tag.#": "2",
                            "tag.3177248028.key": "Name",
                            "tag.3177248028.propagate_at_launch": "true",
                            "tag.3177248028.value": "default_master",
                            "tag.3839513581.key": "cluster",
                            "tag.3839513581.propagate_at_launch": "true",
                            "tag.3839513581.value": "default",
                            "target_group_arns.#": "0",
                            "termination_policies.#": "1",
                            "termination_policies.0": "OldestLaunchConfiguration",
                            "vpc_zone_identifier.#": "3",
                            "vpc_zone_identifier.1725868543": "subnet-1a8f0c41",
                            "vpc_zone_identifier.3329467424": "subnet-70bb5116",
                            "vpc_zone_identifier.585407197": "subnet-1bb6bb52",
                            "wait_for_capacity_timeout": "10m"
                        },
                        "meta": {},
                        "tainted": false
                    },
                    "deposed": [],
                    "provider": ""
                },
                "aws_elb.master_api": {
                    "type": "aws_elb",
                    "depends_on": [],
                    "primary": {
                        "id": "default-api-public",
                        "attributes": {
                            "access_logs.#": "0",
                            "availability_zones.#": "3",
                            "availability_zones.2050015877": "us-west-2c",
                            "availability_zones.221770259": "us-west-2b",
                            "availability_zones.2487133097": "us-west-2a",
                            "connection_draining": "false",
                            "connection_draining_timeout": "300",
                            "cross_zone_load_balancing": "true",
                            "dns_name": "default-api-public-1100793549.us-west-2.elb.amazonaws.com",
                            "health_check.#": "1",
                            "health_check.0.healthy_threshold": "2",
                            "health_check.0.interval": "15",
                            "health_check.0.target": "HTTP:6199/healthz",
                            "health_check.0.timeout": "5",
                            "health_check.0.unhealthy_threshold": "2",
                            "id": "default-api-public",
                            "idle_timeout": "60",
                            "instances.#": "0",
                            "internal": "false",
                            "listener.#": "1",
                            "listener.610193557.instance_port": "443",
                            "listener.610193557.instance_protocol": "tcp",
                            "listener.610193557.lb_port": "443",
                            "listener.610193557.lb_protocol": "tcp",
                            "listener.610193557.ssl_certificate_id": "",
                            "name": "default-api-public",
                            "security_groups.#": "1",
                            "security_groups.1663280832": "sg-b13db7cb",
                            "source_security_group": "414904551680/default_master_lb",
                            "source_security_group_id": "sg-b13db7cb",
                            "subnets.#": "3",
                            "subnets.1725868543": "subnet-1a8f0c41",
                            "subnets.3329467424": "subnet-70bb5116",
                            "subnets.585407197": "subnet-1bb6bb52",
                            "tags.%": "1",
                            "tags.cluster": "default",
                            "zone_id": "Z1H1FL5HABSF5"
                        },
                        "meta": {},
                        "tainted": false
                    },
                    "deposed": [],
                    "provider": ""
                },
                "aws_iam_instance_profile.master_profile": {
                    "type": "aws_iam_instance_profile",
                    "depends_on": [
                        "aws_iam_role.master_role"
                    ],
                    "primary": {
                        "id": "default_master_profile",
                        "attributes": {
                            "arn": "arn:aws:iam::414904551680:instance-profile/default_master_profile",
                            "id": "default_master_profile",
                            "name": "default_master_profile",
                            "path": "/",
                            "role": "default_master_role",
                            "roles.#": "0",
                            "unique_id": "AIPAJ7EKTXEDAIC7LYRD6"
                        },
                        "meta": {},
                        "tainted": false
                    },
                    "deposed": [],
                    "provider": ""
                },
                "aws_iam_role.master_role": {
                    "type": "aws_iam_role",
                    "depends_on": [],
                    "primary": {
                        "id": "default_master_role",
                        "attributes": {
                            "arn": "arn:aws:iam::414904551680:role/default_master_role",
                            "assume_role_policy": "{\"Version\":\"2012-10-17\",\"Statement\":[{\"Sid\":\"\",\"Effect\":\"Allow\",\"Principal\":{\"Service\":\"ec2.amazonaws.com\"},\"Action\":\"sts:AssumeRole\"}]}",
                            "create_date": "2017-07-30T03:07:18Z",
                            "id": "default_master_role",
                            "name": "default_master_role",
                            "path": "/",
                            "unique_id": "AROAJISMNZDH5V34QN3NC"
                        },
                        "meta": {},
                        "tainted": false
                    },
                    "deposed": [],
                    "provider": ""
                },
                "aws_iam_role_policy.master_policy": {
                    "type": "aws_iam_role_policy",
                    "depends_on": [
                        "aws_iam_role.master_role"
                    ],
                    "primary": {
                        "id": "default_master_role:default_master_policy",
                        "attributes": {
                            "id": "default_master_role:default_master_policy",
                            "name": "default_master_policy",
                            "policy": "{\n  \"Version\": \"2012-10-17\",\n  \"Statement\": [\n    {\n      \"Action\": \"ec2:*\",\n      \"Resource\": \"*\",\n      \"Effect\": \"Allow\"\n    },\n    {\n      \"Action\": \"elasticloadbalancing:*\",\n      \"Resource\": \"*\",\n      \"Effect\": \"Allow\"\n    },\n    {\n      \"Action\": [\n        \"ecr:GetAuthorizationToken\",\n        \"ecr:BatchCheckLayerAvailability\",\n        \"ecr:GetDownloadUrlForLayer\",\n        \"ecr:GetRepositoryPolicy\",\n        \"ecr:DescribeRepositories\",\n        \"ecr:ListImages\",\n        \"ecr:BatchGetImage\"\n      ],\n      \"Resource\": \"*\",\n      \"Effect\": \"Allow\"\n    },\n    {\n      \"Action\" : [\n        \"s3:GetObject\"\n      ],\n      \"Resource\": \"arn:aws:s3:::*\",\n      \"Effect\": \"Allow\"\n    },\n    {\n      \"Action\" : [\n        \"autoscaling:DescribeAutoScalingGroups\",\n        \"autoscaling:DescribeAutoScalingInstances\"\n      ],\n      \"Resource\": \"*\",\n      \"Effect\": \"Allow\"\n    },\n    {\n      \"Effect\": \"Allow\",\n      \"Action\": [\n        \"logs:CreateLogStream\",\n        \"logs:PutLogEvents\",\n        \"logs:DescribeLogStreams\"\n      ],\n      \"Resource\": [\n        \"arn:aws:logs:*:*:log-group:*\",\n        \"arn:aws:logs:*:*:log-group:*:log-stream:*\"\n      ]\n    }\n  ]\n}\n",
                            "role": "default_master_role"
                        },
                        "meta": {},
                        "tainted": false
                    },
                    "deposed": [],
                    "provider": ""
                },
                "aws_launch_configuration.master": {
                    "type": "aws_launch_configuration",
                    "depends_on": [
                        "aws_iam_instance_profile.master_profile"
                    ],
                    "primary": {
                        "id": "default_master_lc.fee3d1aa-aeee-0f2f-8e23-a0a6c4a64501",
                        "attributes": {
                            "associate_public_ip_address": "true",
                            "ebs_block_device.#": "0",
                            "ebs_optimized": "false",
                            "enable_monitoring": "true",
                            "ephemeral_block_device.#": "0",
                            "iam_instance_profile": "default_master_profile",
                            "id": "default_master_lc.fee3d1aa-aeee-0f2f-8e23-a0a6c4a64501",
                            "image_id": "ami-2218fd5a",
                            "instance_type": "t2.small",
                            "key_name": "default_key",
                            "name": "default_master_lc.fee3d1aa-aeee-0f2f-8e23-a0a6c4a64501",
                            "root_block_device.#": "0",
                            "security_groups.#": "3",
                            "security_groups.3004837593": "sg-2430ba5e",
                            "security_groups.3668184441": "sg-0432b87e",
                            "security_groups.442966478": "sg-b13fb5cb",
                            "spot_price": "",
                            "user_data": "845fe84c93ad07f0f2612517b69d7eb2db6361a4",
                            "vpc_classic_link_id": "",
                            "vpc_classic_link_security_groups.#": "0"
                        },
                        "meta": {},
                        "tainted": false
                    },
                    "deposed": [],
                    "provider": ""
                },
                "aws_route53_record.api_server": {
                    "type": "aws_route53_record",
                    "depends_on": [
                        "aws_elb.master_api",
                        "data.aws_route53_zone.main"
                    ],
                    "primary": {
                        "id": "Z3FHNMGH8LFH0Q_k8s.default_A",
                        "attributes": {
                            "alias.#": "1",
                            "alias.2024012835.evaluate_target_health": "false",
                            "alias.2024012835.name": "default-api-public-1100793549.us-west-2.elb.amazonaws.com",
                            "alias.2024012835.zone_id": "Z1H1FL5HABSF5",
                            "fqdn": "k8s.default.coldog.xyz",
                            "health_check_id": "",
                            "id": "Z3FHNMGH8LFH0Q_k8s.default_A",
                            "name": "k8s.default",
                            "records.#": "0",
                            "set_identifier": "",
                            "ttl": "0",
                            "type": "A",
                            "zone_id": "Z3FHNMGH8LFH0Q"
                        },
                        "meta": {
                            "schema_version": "2"
                        },
                        "tainted": false
                    },
                    "deposed": [],
                    "provider": ""
                },
                "data.aws_route53_zone.main": {
                    "type": "aws_route53_zone",
                    "depends_on": [],
                    "primary": {
                        "id": "Z3FHNMGH8LFH0Q",
                        "attributes": {
                            "caller_reference": "RISWorkflow-RD:ec25ea8b-1a64-4a58-b012-2478c82805ba",
                            "comment": "HostedZone created by Route53 Registrar",
                            "id": "Z3FHNMGH8LFH0Q",
                            "name": "coldog.xyz.",
                            "private_zone": "false",
                            "resource_record_set_count": "3",
                            "zone_id": "Z3FHNMGH8LFH0Q"
                        },
                        "meta": {},
                        "tainted": false
                    },
                    "deposed": [],
                    "provider": ""
                }
            },
            "depends_on": []
        },
        {
            "path": [
                "root",
                "cluster",
                "vpcdata"
            ],
            "outputs": {
                "master_lb_sg": {
                    "sensitive": false,
                    "type": "string",
                    "value": "sg-b13db7cb"
                },
                "master_sg": {
                    "sensitive": false,
                    "type": "string",
                    "value": "sg-0432b87e"
                },
                "ssh_sg": {
                    "sensitive": false,
                    "type": "string",
                    "value": "sg-2430ba5e"
                },
                "subnet_ids": {
                    "sensitive": false,
                    "type": "list",
                    "value": [
                        "subnet-1bb6bb52",
                        "subnet-1a8f0c41",
                        "subnet-70bb5116"
                    ]
                },
                "worker_sg": {
                    "sensitive": false,
                    "type": "string",
                    "value": "sg-b13fb5cb"
                }
            },
            "resources": {
                "aws_security_group.master": {
                    "type": "aws_security_group",
                    "depends_on": [
                        "aws_security_group.master_lb"
                    ],
                    "primary": {
                        "id": "sg-0432b87e",
                        "attributes": {
                            "description": "Master security group. Allows API server ingress.",
                            "egress.#": "0",
                            "id": "sg-0432b87e",
                            "ingress.#": "2",
                            "ingress.191010151.cidr_blocks.#": "0",
                            "ingress.191010151.from_port": "443",
                            "ingress.191010151.ipv6_cidr_blocks.#": "0",
                            "ingress.191010151.protocol": "tcp",
                            "ingress.191010151.security_groups.#": "1",
                            "ingress.191010151.security_groups.1663280832": "sg-b13db7cb",
                            "ingress.191010151.self": "false",
                            "ingress.191010151.to_port": "443",
                            "ingress.2085732981.cidr_blocks.#": "0",
                            "ingress.2085732981.from_port": "6199",
                            "ingress.2085732981.ipv6_cidr_blocks.#": "0",
                            "ingress.2085732981.protocol": "tcp",
                            "ingress.2085732981.security_groups.#": "1",
                            "ingress.2085732981.security_groups.1663280832": "sg-b13db7cb",
                            "ingress.2085732981.self": "false",
                            "ingress.2085732981.to_port": "6199",
                            "name": "default_master",
                            "owner_id": "414904551680",
                            "tags.%": "0",
                            "vpc_id": "vpc-0c835b6a"
                        },
                        "meta": {},
                        "tainted": false
                    },
                    "deposed": [],
                    "provider": ""
                },
                "aws_security_group.master_lb": {
                    "type": "aws_security_group",
                    "depends_on": [],
                    "primary": {
                        "id": "sg-b13db7cb",
                        "attributes": {
                            "description": "Master LB security group.",
                            "egress.#": "1",
                            "egress.482069346.cidr_blocks.#": "1",
                            "egress.482069346.cidr_blocks.0": "0.0.0.0/0",
                            "egress.482069346.from_port": "0",
                            "egress.482069346.ipv6_cidr_blocks.#": "0",
                            "egress.482069346.prefix_list_ids.#": "0",
                            "egress.482069346.protocol": "-1",
                            "egress.482069346.security_groups.#": "0",
                            "egress.482069346.self": "false",
                            "egress.482069346.to_port": "0",
                            "id": "sg-b13db7cb",
                            "ingress.#": "2",
                            "ingress.2214680975.cidr_blocks.#": "1",
                            "ingress.2214680975.cidr_blocks.0": "0.0.0.0/0",
                            "ingress.2214680975.from_port": "80",
                            "ingress.2214680975.ipv6_cidr_blocks.#": "0",
                            "ingress.2214680975.protocol": "tcp",
                            "ingress.2214680975.security_groups.#": "0",
                            "ingress.2214680975.self": "false",
                            "ingress.2214680975.to_port": "80",
                            "ingress.2617001939.cidr_blocks.#": "1",
                            "ingress.2617001939.cidr_blocks.0": "0.0.0.0/0",
                            "ingress.2617001939.from_port": "443",
                            "ingress.2617001939.ipv6_cidr_blocks.#": "0",
                            "ingress.2617001939.protocol": "tcp",
                            "ingress.2617001939.security_groups.#": "0",
                            "ingress.2617001939.self": "false",
                            "ingress.2617001939.to_port": "443",
                            "name": "default_master_lb",
                            "owner_id": "414904551680",
                            "tags.%": "0",
                            "vpc_id": "vpc-0c835b6a"
                        },
                        "meta": {},
                        "tainted": false
                    },
                    "deposed": [],
                    "provider": ""
                },
                "aws_security_group.ssh": {
                    "type": "aws_security_group",
                    "depends_on": [],
                    "primary": {
                        "id": "sg-2430ba5e",
                        "attributes": {
                            "description": "Instance ssh access",
                            "egress.#": "0",
                            "id": "sg-2430ba5e",
                            "ingress.#": "1",
                            "ingress.2541437006.cidr_blocks.#": "1",
                            "ingress.2541437006.cidr_blocks.0": "0.0.0.0/0",
                            "ingress.2541437006.from_port": "22",
                            "ingress.2541437006.ipv6_cidr_blocks.#": "0",
                            "ingress.2541437006.protocol": "tcp",
                            "ingress.2541437006.security_groups.#": "0",
                            "ingress.2541437006.self": "false",
                            "ingress.2541437006.to_port": "22",
                            "name": "default_ssh",
                            "owner_id": "414904551680",
                            "tags.%": "0",
                            "vpc_id": "vpc-0c835b6a"
                        },
                        "meta": {},
                        "tainted": false
                    },
                    "deposed": [],
                    "provider": ""
                },
                "aws_security_group.worker": {
                    "type": "aws_security_group",
                    "depends_on": [],
                    "primary": {
                        "id": "sg-b13fb5cb",
                        "attributes": {
                            "description": "Internal worker security group.",
                            "egress.#": "1",
                            "egress.482069346.cidr_blocks.#": "1",
                            "egress.482069346.cidr_blocks.0": "0.0.0.0/0",
                            "egress.482069346.from_port": "0",
                            "egress.482069346.ipv6_cidr_blocks.#": "0",
                            "egress.482069346.prefix_list_ids.#": "0",
                            "egress.482069346.protocol": "-1",
                            "egress.482069346.security_groups.#": "0",
                            "egress.482069346.self": "false",
                            "egress.482069346.to_port": "0",
                            "id": "sg-b13fb5cb",
                            "ingress.#": "2",
                            "ingress.3472572478.cidr_blocks.#": "0",
                            "ingress.3472572478.from_port": "0",
                            "ingress.3472572478.ipv6_cidr_blocks.#": "0",
                            "ingress.3472572478.protocol": "udp",
                            "ingress.3472572478.security_groups.#": "0",
                            "ingress.3472572478.self": "true",
                            "ingress.3472572478.to_port": "65535",
                            "ingress.3544538468.cidr_blocks.#": "0",
                            "ingress.3544538468.from_port": "0",
                            "ingress.3544538468.ipv6_cidr_blocks.#": "0",
                            "ingress.3544538468.protocol": "tcp",
                            "ingress.3544538468.security_groups.#": "0",
                            "ingress.3544538468.self": "true",
                            "ingress.3544538468.to_port": "65535",
                            "name": "default_worker",
                            "owner_id": "414904551680",
                            "tags.%": "0",
                            "vpc_id": "vpc-0c835b6a"
                        },
                        "meta": {},
                        "tainted": false
                    },
                    "deposed": [],
                    "provider": ""
                },
                "data.aws_subnet_ids.main": {
                    "type": "aws_subnet_ids",
                    "depends_on": [],
                    "primary": {
                        "id": "vpc-0c835b6a",
                        "attributes": {
                            "id": "vpc-0c835b6a",
                            "ids.#": "3",
                            "ids.1725868543": "subnet-1a8f0c41",
                            "ids.3329467424": "subnet-70bb5116",
                            "ids.585407197": "subnet-1bb6bb52",
                            "vpc_id": "vpc-0c835b6a"
                        },
                        "meta": {},
                        "tainted": false
                    },
                    "deposed": [],
                    "provider": ""
                }
            },
            "depends_on": []
        },
        {
            "path": [
                "root",
                "cluster",
                "worker"
            ],
            "outputs": {},
            "resources": {
                "aws_autoscaling_group.worker": {
                    "type": "aws_autoscaling_group",
                    "depends_on": [
                        "aws_launch_configuration.worker"
                    ],
                    "primary": {
                        "id": "default_worker_asg",
                        "attributes": {
                            "arn": "arn:aws:autoscaling:us-west-2:414904551680:autoScalingGroup:0f3ee3b0-6e79-40a3-b78c-e966205b75d4:autoScalingGroupName/default_worker_asg",
                            "availability_zones.#": "3",
                            "availability_zones.2050015877": "us-west-2c",
                            "availability_zones.221770259": "us-west-2b",
                            "availability_zones.2487133097": "us-west-2a",
                            "default_cooldown": "300",
                            "desired_capacity": "1",
                            "force_delete": "true",
                            "health_check_grace_period": "300",
                            "health_check_type": "EC2",
                            "id": "default_worker_asg",
                            "launch_configuration": "default_worker_lc.2ad96807-25b6-eaf6-4613-fbb31bd92291",
                            "load_balancers.#": "0",
                            "max_size": "1",
                            "metrics_granularity": "1Minute",
                            "min_size": "0",
                            "name": "default_worker_asg",
                            "placement_group": "",
                            "protect_from_scale_in": "false",
                            "suspended_processes.#": "0",
                            "tag.#": "2",
                            "tag.2508340505.key": "Name",
                            "tag.2508340505.propagate_at_launch": "true",
                            "tag.2508340505.value": "default_worker",
                            "tag.3839513581.key": "cluster",
                            "tag.3839513581.propagate_at_launch": "true",
                            "tag.3839513581.value": "default",
                            "target_group_arns.#": "0",
                            "termination_policies.#": "1",
                            "termination_policies.0": "OldestLaunchConfiguration",
                            "vpc_zone_identifier.#": "3",
                            "vpc_zone_identifier.1725868543": "subnet-1a8f0c41",
                            "vpc_zone_identifier.3329467424": "subnet-70bb5116",
                            "vpc_zone_identifier.585407197": "subnet-1bb6bb52",
                            "wait_for_capacity_timeout": "10m"
                        },
                        "meta": {},
                        "tainted": false
                    },
                    "deposed": [],
                    "provider": ""
                },
                "aws_iam_instance_profile.worker_profile": {
                    "type": "aws_iam_instance_profile",
                    "depends_on": [
                        "aws_iam_role.worker_role"
                    ],
                    "primary": {
                        "id": "default_worker_profile",
                        "attributes": {
                            "arn": "arn:aws:iam::414904551680:instance-profile/default_worker_profile",
                            "id": "default_worker_profile",
                            "name": "default_worker_profile",
                            "path": "/",
                            "role": "default_worker_role",
                            "roles.#": "0",
                            "unique_id": "AIPAI5F2HZ3P3J7XFX744"
                        },
                        "meta": {},
                        "tainted": false
                    },
                    "deposed": [],
                    "provider": ""
                },
                "aws_iam_role.worker_role": {
                    "type": "aws_iam_role",
                    "depends_on": [],
                    "primary": {
                        "id": "default_worker_role",
                        "attributes": {
                            "arn": "arn:aws:iam::414904551680:role/default_worker_role",
                            "assume_role_policy": "{\"Version\":\"2012-10-17\",\"Statement\":[{\"Sid\":\"\",\"Effect\":\"Allow\",\"Principal\":{\"Service\":\"ec2.amazonaws.com\"},\"Action\":\"sts:AssumeRole\"}]}",
                            "create_date": "2017-07-30T03:07:18Z",
                            "id": "default_worker_role",
                            "name": "default_worker_role",
                            "path": "/",
                            "unique_id": "AROAJBJXUABNAITD55SGW"
                        },
                        "meta": {},
                        "tainted": false
                    },
                    "deposed": [],
                    "provider": ""
                },
                "aws_iam_role_policy.worker_policy": {
                    "type": "aws_iam_role_policy",
                    "depends_on": [
                        "aws_iam_role.worker_role"
                    ],
                    "primary": {
                        "id": "default_worker_role:default_worker_policy",
                        "attributes": {
                            "id": "default_worker_role:default_worker_policy",
                            "name": "default_worker_policy",
                            "policy": "{\n  \"Version\": \"2012-10-17\",\n  \"Statement\": [\n    {\n      \"Action\" : [\n        \"s3:GetObject\"\n      ],\n      \"Resource\": \"arn:aws:s3:::*\",\n      \"Effect\": \"Allow\"\n    },\n    {\n      \"Action\": [\n        \"ecr:GetAuthorizationToken\",\n        \"ecr:BatchCheckLayerAvailability\",\n        \"ecr:GetDownloadUrlForLayer\",\n        \"ecr:GetRepositoryPolicy\",\n        \"ecr:DescribeRepositories\",\n        \"ecr:ListImages\",\n        \"ecr:BatchGetImage\"\n      ],\n      \"Resource\": \"*\",\n      \"Effect\": \"Allow\"\n    },\n    {\n      \"Effect\": \"Allow\",\n      \"Action\": [\n        \"logs:CreateLogStream\",\n        \"logs:PutLogEvents\",\n        \"logs:DescribeLogStreams\"\n      ],\n      \"Resource\": [\n        \"arn:aws:logs:*:*:log-group:*\",\n        \"arn:aws:logs:*:*:log-group:*:log-stream:*\"\n      ]\n    }\n  ]\n}\n",
                            "role": "default_worker_role"
                        },
                        "meta": {},
                        "tainted": false
                    },
                    "deposed": [],
                    "provider": ""
                },
                "aws_launch_configuration.worker": {
                    "type": "aws_launch_configuration",
                    "depends_on": [
                        "aws_iam_instance_profile.worker_profile"
                    ],
                    "primary": {
                        "id": "default_worker_lc.2ad96807-25b6-eaf6-4613-fbb31bd92291",
                        "attributes": {
                            "associate_public_ip_address": "true",
                            "ebs_block_device.#": "0",
                            "ebs_optimized": "false",
                            "enable_monitoring": "true",
                            "ephemeral_block_device.#": "0",
                            "iam_instance_profile": "default_worker_profile",
                            "id": "default_worker_lc.2ad96807-25b6-eaf6-4613-fbb31bd92291",
                            "image_id": "ami-2218fd5a",
                            "instance_type": "t2.small",
                            "key_name": "default_key",
                            "name": "default_worker_lc.2ad96807-25b6-eaf6-4613-fbb31bd92291",
                            "root_block_device.#": "0",
                            "security_groups.#": "2",
                            "security_groups.3004837593": "sg-2430ba5e",
                            "security_groups.442966478": "sg-b13fb5cb",
                            "spot_price": "",
                            "user_data": "7b55e4a7c84d232faff8db55fcba1cd23305ec6a",
                            "vpc_classic_link_id": "",
                            "vpc_classic_link_security_groups.#": "0"
                        },
                        "meta": {},
                        "tainted": false
                    },
                    "deposed": [],
                    "provider": ""
                }
            },
            "depends_on": []
        }
    ]
}
